// !$*UTF8*$!
{
	archiveVersion = 1;
	classes = {
	};
	objectVersion = 56;
	objects = {

/* Begin PBXBuildFile section */
		685F8BF62C101F4D00D2385D /* AppDelegate.swift in Sources */ = {isa = PBXBuildFile; fileRef = 685F8BF52C101F4D00D2385D /* AppDelegate.swift */; };
		685F8BF82C101F4D00D2385D /* SceneDelegate.swift in Sources */ = {isa = PBXBuildFile; fileRef = 685F8BF72C101F4D00D2385D /* SceneDelegate.swift */; };
		685F8BFA2C101F4D00D2385D /* ViewController.swift in Sources */ = {isa = PBXBuildFile; fileRef = 685F8BF92C101F4D00D2385D /* ViewController.swift */; };
		685F8BFD2C101F4D00D2385D /* Main.storyboard in Resources */ = {isa = PBXBuildFile; fileRef = 685F8BFB2C101F4D00D2385D /* Main.storyboard */; };
		685F8BFF2C101F4E00D2385D /* Assets.xcassets in Resources */ = {isa = PBXBuildFile; fileRef = 685F8BFE2C101F4E00D2385D /* Assets.xcassets */; };
		685F8C022C101F4E00D2385D /* LaunchScreen.storyboard in Resources */ = {isa = PBXBuildFile; fileRef = 685F8C002C101F4E00D2385D /* LaunchScreen.storyboard */; };
		685F8C0A2C10214300D2385D /* MyTableViewCell.swift in Sources */ = {isa = PBXBuildFile; fileRef = 685F8C092C10214300D2385D /* MyTableViewCell.swift */; };
		685F8C0C2C1023E600D2385D /* DetailViewController.swift in Sources */ = {isa = PBXBuildFile; fileRef = 685F8C0B2C1023E600D2385D /* DetailViewController.swift */; };
		685F8C0E2C10281600D2385D /* MapViewController.swift in Sources */ = {isa = PBXBuildFile; fileRef = 685F8C0D2C10281600D2385D /* MapViewController.swift */; };
		685F8C102C1030C700D2385D /* comingMoviesViewController.swift in Sources */ = {isa = PBXBuildFile; fileRef = 685F8C0F2C1030C700D2385D /* comingMoviesViewController.swift */; };
		685F8C122C10338100D2385D /* UpcomingTableViewCell.swift in Sources */ = {isa = PBXBuildFile; fileRef = 685F8C112C10338100D2385D /* UpcomingTableViewCell.swift */; };
		68C27A9A2C10424D00502385 /* ShowVideoViewCellViewController.swift in Sources */ = {isa = PBXBuildFile; fileRef = 68C27A992C10424D00502385 /* ShowVideoViewCellViewController.swift */; };
/* End PBXBuildFile section */

/* Begin PBXFileReference section */
		685F8BF22C101F4D00D2385D /* A_009_ssw.app */ = {isa = PBXFileReference; explicitFileType = wrapper.application; includeInIndex = 0; path = A_009_ssw.app; sourceTree = BUILT_PRODUCTS_DIR; };
		685F8BF52C101F4D00D2385D /* AppDelegate.swift */ = {isa = PBXFileReference; lastKnownFileType = sourcecode.swift; path = AppDelegate.swift; sourceTree = "<group>"; };
		685F8BF72C101F4D00D2385D /* SceneDelegate.swift */ = {isa = PBXFileReference; lastKnownFileType = sourcecode.swift; path = SceneDelegate.swift; sourceTree = "<group>"; };
		685F8BF92C101F4D00D2385D /* ViewController.swift */ = {isa = PBXFileReference; lastKnownFileType = sourcecode.swift; path = ViewController.swift; sourceTree = "<group>"; };
		685F8BFC2C101F4D00D2385D /* Base */ = {isa = PBXFileReference; lastKnownFileType = file.storyboard; name = Base; path = Base.lproj/Main.storyboard; sourceTree = "<group>"; };
		685F8BFE2C101F4E00D2385D /* Assets.xcassets */ = {isa = PBXFileReference; lastKnownFileType = folder.assetcatalog; path = Assets.xcassets; sourceTree = "<group>"; };
		685F8C012C101F4E00D2385D /* Base */ = {isa = PBXFileReference; lastKnownFileType = file.storyboard; name = Base; path = Base.lproj/LaunchScreen.storyboard; sourceTree = "<group>"; };
		685F8C032C101F4E00D2385D /* Info.plist */ = {isa = PBXFileReference; lastKnownFileType = text.plist.xml; path = Info.plist; sourceTree = "<group>"; };
		685F8C092C10214300D2385D /* MyTableViewCell.swift */ = {isa = PBXFileReference; lastKnownFileType = sourcecode.swift; path = MyTableViewCell.swift; sourceTree = "<group>"; };
		685F8C0B2C1023E600D2385D /* DetailViewController.swift */ = {isa = PBXFileReference; lastKnownFileType = sourcecode.swift; path = DetailViewController.swift; sourceTree = "<group>"; };
		685F8C0D2C10281600D2385D /* MapViewController.swift */ = {isa = PBXFileReference; lastKnownFileType = sourcecode.swift; path = MapViewController.swift; sourceTree = "<group>"; };
		685F8C0F2C1030C700D2385D /* comingMoviesViewController.swift */ = {isa = PBXFileReference; lastKnownFileType = sourcecode.swift; path = comingMoviesViewController.swift; sourceTree = "<group>"; };
		685F8C112C10338100D2385D /* UpcomingTableViewCell.swift */ = {isa = PBXFileReference; lastKnownFileType = sourcecode.swift; path = UpcomingTableViewCell.swift; sourceTree = "<group>"; };
		68C27A992C10424D00502385 /* ShowVideoViewCellViewController.swift */ = {isa = PBXFileReference; lastKnownFileType = sourcecode.swift; path = ShowVideoViewCellViewController.swift; sourceTree = "<group>"; };
/* End PBXFileReference section */

/* Begin PBXFrameworksBuildPhase section */
		685F8BEF2C101F4D00D2385D /* Frameworks */ = {
			isa = PBXFrameworksBuildPhase;
			buildActionMask = 2147483647;
			files = (
			);
			runOnlyForDeploymentPostprocessing = 0;
		};
/* End PBXFrameworksBuildPhase section */

/* Begin PBXGroup section */
		685F8BE92C101F4D00D2385D = {
			isa = PBXGroup;
			children = (
				685F8BF42C101F4D00D2385D /* A_009_ssw */,
				685F8BF32C101F4D00D2385D /* Products */,
			);
			sourceTree = "<group>";
		};
		685F8BF32C101F4D00D2385D /* Products */ = {
			isa = PBXGroup;
			children = (
				685F8BF22C101F4D00D2385D /* A_009_ssw.app */,
			);
			name = Products;
			sourceTree = "<group>";
		};
		685F8BF42C101F4D00D2385D /* A_009_ssw */ = {
			isa = PBXGroup;
			children = (
				685F8BF52C101F4D00D2385D /* AppDelegate.swift */,
				685F8BF72C101F4D00D2385D /* SceneDelegate.swift */,
				685F8BF92C101F4D00D2385D /* ViewController.swift */,
				685F8C092C10214300D2385D /* MyTableViewCell.swift */,
				685F8C0B2C1023E600D2385D /* DetailViewController.swift */,
				685F8C0D2C10281600D2385D /* MapViewController.swift */,
				685F8C0F2C1030C700D2385D /* comingMoviesViewController.swift */,
				685F8C112C10338100D2385D /* UpcomingTableViewCell.swift */,
				68C27A992C10424D00502385 /* ShowVideoViewCellViewController.swift */,
				685F8BFB2C101F4D00D2385D /* Main.storyboard */,
				685F8BFE2C101F4E00D2385D /* Assets.xcassets */,
				685F8C002C101F4E00D2385D /* LaunchScreen.storyboard */,
				685F8C032C101F4E00D2385D /* Info.plist */,
			);
			path = A_009_ssw;
			sourceTree = "<group>";
		};
/* End PBXGroup section */

/* Begin PBXNativeTarget section */
		685F8BF12C101F4D00D2385D /* A_009_ssw */ = {
			isa = PBXNativeTarget;
			buildConfigurationList = 685F8C062C101F4E00D2385D /* Build configuration list for PBXNativeTarget "A_009_ssw" */;
			buildPhases = (
				685F8BEE2C101F4D00D2385D /* Sources */,
				685F8BEF2C101F4D00D2385D /* Frameworks */,
				685F8BF02C101F4D00D2385D /* Resources */,
			);
			buildRules = (
			);
			dependencies = (
			);
			name = A_009_ssw;
			productName = A_009_ssw;
			productReference = 685F8BF22C101F4D00D2385D /* A_009_ssw.app */;
			productType = "com.apple.product-type.application";
		};
/* End PBXNativeTarget section */

/* Begin PBXProject section */
		685F8BEA2C101F4D00D2385D /* Project object */ = {
			isa = PBXProject;
			attributes = {
				BuildIndependentTargetsInParallel = 1;
				LastSwiftUpdateCheck = 1420;
				LastUpgradeCheck = 1420;
				TargetAttributes = {
					685F8BF12C101F4D00D2385D = {
						CreatedOnToolsVersion = 14.2;
					};
				};
			};
			buildConfigurationList = 685F8BED2C101F4D00D2385D /* Build configuration list for PBXProject "A_009_ssw" */;
			compatibilityVersion = "Xcode 14.0";
			developmentRegion = en;
			hasScannedForEncodings = 0;
			knownRegions = (
				en,
				Base,
			);
			mainGroup = 685F8BE92C101F4D00D2385D;
			productRefGroup = 685F8BF32C101F4D00D2385D /* Products */;
			projectDirPath = "";
			projectRoot = "";
			targets = (
				685F8BF12C101F4D00D2385D /* A_009_ssw */,
			);
		};
/* End PBXProject section */

/* Begin PBXResourcesBuildPhase section */
		685F8BF02C101F4D00D2385D /* Resources */ = {
			isa = PBXResourcesBuildPhase;
			buildActionMask = 2147483647;
			files = (
				685F8C022C101F4E00D2385D /* LaunchScreen.storyboard in Resources */,
				685F8BFF2C101F4E00D2385D /* Assets.xcassets in Resources */,
				685F8BFD2C101F4D00D2385D /* Main.storyboard in Resources */,
			);
			runOnlyForDeploymentPostprocessing = 0;
		};
/* End PBXResourcesBuildPhase section */

/* Begin PBXSourcesBuildPhase section */
		685F8BEE2C101F4D00D2385D /* Sources */ = {
			isa = PBXSourcesBuildPhase;
			buildActionMask = 2147483647;
			files = (
				685F8C102C1030C700D2385D /* comingMoviesViewController.swift in Sources */,
				685F8BFA2C101F4D00D2385D /* ViewController.swift in Sources */,
				685F8C0E2C10281600D2385D /* MapViewController.swift in Sources */,
				685F8C122C10338100D2385D /* UpcomingTableViewCell.swift in Sources */,
				685F8C0A2C10214300D2385D /* MyTableViewCell.swift in Sources */,
				685F8C0C2C1023E600D2385D /* DetailViewController.swift in Sources */,
				685F8BF62C101F4D00D2385D /* AppDelegate.swift in Sources */,
				68C27A9A2C10424D00502385 /* ShowVideoViewCellViewController.swift in Sources */,
				685F8BF82C101F4D00D2385D /* SceneDelegate.swift in Sources */,
			);
			runOnlyForDeploymentPostprocessing = 0;
		};
/* End PBXSourcesBuildPhase section */

/* Begin PBXVariantGroup section */
		685F8BFB2C101F4D00D2385D /* Main.storyboard */ = {
			isa = PBXVariantGroup;
			children = (
				685F8BFC2C101F4D00D2385D /* Base */,
			);
			name = Main.storyboard;
			sourceTree = "<group>";
		};
		685F8C002C101F4E00D2385D /* LaunchScreen.storyboard */ = {
			isa = PBXVariantGroup;
			children = (
				685F8C012C101F4E00D2385D /* Base */,
			);
			name = LaunchScreen.storyboard;
			sourceTree = "<group>";
		};
/* End PBXVariantGroup section */

/* Begin XCBuildConfiguration section */
		685F8C042C101F4E00D2385D /* Debug */ = {
			isa = XCBuildConfiguration;
			buildSettings = {
				ALWAYS_SEARCH_USER_PATHS = NO;
				CLANG_ANALYZER_NONNULL = YES;
				CLANG_ANALYZER_NUMBER_OBJECT_CONVERSION = YES_AGGRESSIVE;
				CLANG_CXX_LANGUAGE_STANDARD = "gnu++20";
				CLANG_ENABLE_MODULES = YES;
				CLANG_ENABLE_OBJC_ARC = YES;
				CLANG_ENABLE_OBJC_WEAK = YES;
				CLANG_WARN_BLOCK_CAPTURE_AUTORELEASING = YES;
				CLANG_WARN_BOOL_CONVERSION = YES;
				CLANG_WARN_COMMA = YES;
				CLANG_WARN_CONSTANT_CONVERSION = YES;
				CLANG_WARN_DEPRECATED_OBJC_IMPLEMENTATIONS = YES;
				CLANG_WARN_DIRECT_OBJC_ISA_USAGE = YES_ERROR;
				CLANG_WARN_DOCUMENTATION_COMMENTS = YES;
				CLANG_WARN_EMPTY_BODY = YES;
				CLANG_WARN_ENUM_CONVERSION = YES;
				CLANG_WARN_INFINITE_RECURSION = YES;
				CLANG_WARN_INT_CONVERSION = YES;
				CLANG_WARN_NON_LITERAL_NULL_CONVERSION = YES;
				CLANG_WARN_OBJC_IMPLICIT_RETAIN_SELF = YES;
				CLANG_WARN_OBJC_LITERAL_CONVERSION = YES;
				CLANG_WARN_OBJC_ROOT_CLASS = YES_ERROR;
				CLANG_WARN_QUOTED_INCLUDE_IN_FRAMEWORK_HEADER = YES;
				CLANG_WARN_RANGE_LOOP_ANALYSIS = YES;
				CLANG_WARN_STRICT_PROTOTYPES = YES;
				CLANG_WARN_SUSPICIOUS_MOVE = YES;
				CLANG_WARN_UNGUARDED_AVAILABILITY = YES_AGGRESSIVE;
				CLANG_WARN_UNREACHABLE_CODE = YES;
				CLANG_WARN__DUPLICATE_METHOD_MATCH = YES;
				COPY_PHASE_STRIP = NO;
				DEBUG_INFORMATION_FORMAT = dwarf;
				ENABLE_STRICT_OBJC_MSGSEND = YES;
				ENABLE_TESTABILITY = YES;
				GCC_C_LANGUAGE_STANDARD = gnu11;
				GCC_DYNAMIC_NO_PIC = NO;
				GCC_NO_COMMON_BLOCKS = YES;
				GCC_OPTIMIZATION_LEVEL = 0;
				GCC_PREPROCESSOR_DEFINITIONS = (
					"DEBUG=1",
					"$(inherited)",
				);
				GCC_WARN_64_TO_32_BIT_CONVERSION = YES;
				GCC_WARN_ABOUT_RETURN_TYPE = YES_ERROR;
				GCC_WARN_UNDECLARED_SELECTOR = YES;
				GCC_WARN_UNINITIALIZED_AUTOS = YES_AGGRESSIVE;
				GCC_WARN_UNUSED_FUNCTION = YES;
				GCC_WARN_UNUSED_VARIABLE = YES;
				IPHONEOS_DEPLOYMENT_TARGET = 16.2;
				MTL_ENABLE_DEBUG_INFO = INCLUDE_SOURCE;
				MTL_FAST_MATH = YES;
				ONLY_ACTIVE_ARCH = YES;
				SDKROOT = iphoneos;
				SWIFT_ACTIVE_COMPILATION_CONDITIONS = DEBUG;
				SWIFT_OPTIMIZATION_LEVEL = "-Onone";
			};
			name = Debug;
		};
		685F8C052C101F4E00D2385D /* Release */ = {
			isa = XCBuildConfiguration;
			buildSettings = {
				ALWAYS_SEARCH_USER_PATHS = NO;
				CLANG_ANALYZER_NONNULL = YES;
				CLANG_ANALYZER_NUMBER_OBJECT_CONVERSION = YES_AGGRESSIVE;
				CLANG_CXX_LANGUAGE_STANDARD = "gnu++20";
				CLANG_ENABLE_MODULES = YES;
				CLANG_ENABLE_OBJC_ARC = YES;
				CLANG_ENABLE_OBJC_WEAK = YES;
				CLANG_WARN_BLOCK_CAPTURE_AUTORELEASING = YES;
				CLANG_WARN_BOOL_CONVERSION = YES;
				CLANG_WARN_COMMA = YES;
				CLANG_WARN_CONSTANT_CONVERSION = YES;
				CLANG_WARN_DEPRECATED_OBJC_IMPLEMENTATIONS = YES;
				CLANG_WARN_DIRECT_OBJC_ISA_USAGE = YES_ERROR;
				CLANG_WARN_DOCUMENTATION_COMMENTS = YES;
				CLANG_WARN_EMPTY_BODY = YES;
				CLANG_WARN_ENUM_CONVERSION = YES;
				CLANG_WARN_INFINITE_RECURSION = YES;
				CLANG_WARN_INT_CONVERSION = YES;
				CLANG_WARN_NON_LITERAL_NULL_CONVERSION = YES;
				CLANG_WARN_OBJC_IMPLICIT_RETAIN_SELF = YES;
				CLANG_WARN_OBJC_LITERAL_CONVERSION = YES;
				CLANG_WARN_OBJC_ROOT_CLASS = YES_ERROR;
				CLANG_WARN_QUOTED_INCLUDE_IN_FRAMEWORK_HEADER = YES;
				CLANG_WARN_RANGE_LOOP_ANALYSIS = YES;
				CLANG_WARN_STRICT_PROTOTYPES = YES;
				CLANG_WARN_SUSPICIOUS_MOVE = YES;
				CLANG_WARN_UNGUARDED_AVAILABILITY = YES_AGGRESSIVE;
				CLANG_WARN_UNREACHABLE_CODE = YES;
				CLANG_WARN__DUPLICATE_METHOD_MATCH = YES;
				COPY_PHASE_STRIP = NO;
				DEBUG_INFORMATION_FORMAT = "dwarf-with-dsym";
				ENABLE_NS_ASSERTIONS = NO;
				ENABLE_STRICT_OBJC_MSGSEND = YES;
				GCC_C_LANGUAGE_STANDARD = gnu11;
				GCC_NO_COMMON_BLOCKS = YES;
				GCC_WARN_64_TO_32_BIT_CONVERSION = YES;
				GCC_WARN_ABOUT_RETURN_TYPE = YES_ERROR;
				GCC_WARN_UNDECLARED_SELECTOR = YES;
				GCC_WARN_UNINITIALIZED_AUTOS = YES_AGGRESSIVE;
				GCC_WARN_UNUSED_FUNCTION = YES;
				GCC_WARN_UNUSED_VARIABLE = YES;
				IPHONEOS_DEPLOYMENT_TARGET = 16.2;
				MTL_ENABLE_DEBUG_INFO = NO;
				MTL_FAST_MATH = YES;
				SDKROOT = iphoneos;
				SWIFT_COMPILATION_MODE = wholemodule;
				SWIFT_OPTIMIZATION_LEVEL = "-O";
				VALIDATE_PRODUCT = YES;
			};
			name = Release;
		};
		685F8C072C101F4E00D2385D /* Debug */ = {
			isa = XCBuildConfiguration;
			buildSettings = {
				ASSETCATALOG_COMPILER_APPICON_NAME = AppIcon;
				ASSETCATALOG_COMPILER_GLOBAL_ACCENT_COLOR_NAME = AccentColor;
				CODE_SIGN_STYLE = Automatic;
				CURRENT_PROJECT_VERSION = 1;
				GENERATE_INFOPLIST_FILE = YES;
				INFOPLIST_FILE = A_009_ssw/Info.plist;
				INFOPLIST_KEY_UIApplicationSupportsIndirectInputEvents = YES;
				INFOPLIST_KEY_UILaunchStoryboardName = LaunchScreen;
				INFOPLIST_KEY_UIMainStoryboardFile = Main;
				INFOPLIST_KEY_UISupportedInterfaceOrientations_iPad = "UIInterfaceOrientationPortrait UIInterfaceOrientationPortraitUpsideDown UIInterfaceOrientationLandscapeLeft UIInterfaceOrientationLandscapeRight";
				INFOPLIST_KEY_UISupportedInterfaceOrientations_iPhone = "UIInterfaceOrientationPortrait UIInterfaceOrientationLandscapeLeft UIInterfaceOrientationLandscapeRight";
				LD_RUNPATH_SEARCH_PATHS = (
					"$(inherited)",
					"@executable_path/Frameworks",
				);
				MARKETING_VERSION = 1.0;
				PRODUCT_BUNDLE_IDENTIFIER = "kr.ac.induk.ssw.A-009-ssw";
				PRODUCT_NAME = "$(TARGET_NAME)";
				SWIFT_EMIT_LOC_STRINGS = YES;
				SWIFT_VERSION = 5.0;
				TARGETED_DEVICE_FAMILY = "1,2";
			};
			name = Debug;
		};
		685F8C082C101F4E00D2385D /* Release */ = {
			isa = XCBuildConfiguration;
			buildSettings = {
				ASSETCATALOG_COMPILER_APPICON_NAME = AppIcon;
				ASSETCATALOG_COMPILER_GLOBAL_ACCENT_COLOR_NAME = AccentColor;
				CODE_SIGN_STYLE = Automatic;
				CURRENT_PROJECT_VERSION = 1;
				GENERATE_INFOPLIST_FILE = YES;
				INFOPLIST_FILE = A_009_ssw/Info.plist;
				INFOPLIST_KEY_UIApplicationSupportsIndirectInputEvents = YES;
				INFOPLIST_KEY_UILaunchStoryboardName = LaunchScreen;
				INFOPLIST_KEY_UIMainStoryboardFile = Main;
				INFOPLIST_KEY_UISupportedInterfaceOrientations_iPad = "UIInterfaceOrientationPortrait UIInterfaceOrientationPortraitUpsideDown UIInterfaceOrientationLandscapeLeft UIInterfaceOrientationLandscapeRight";
				INFOPLIST_KEY_UISupportedInterfaceOrientations_iPhone = "UIInterfaceOrientationPortrait UIInterfaceOrientationLandscapeLeft UIInterfaceOrientationLandscapeRight";
				LD_RUNPATH_SEARCH_PATHS = (
					"$(inherited)",
					"@executable_path/Frameworks",
				);
				MARKETING_VERSION = 1.0;
				PRODUCT_BUNDLE_IDENTIFIER = "kr.ac.induk.ssw.A-009-ssw";
				PRODUCT_NAME = "$(TARGET_NAME)";
				SWIFT_EMIT_LOC_STRINGS = YES;
				SWIFT_VERSION = 5.0;
				TARGETED_DEVICE_FAMILY = "1,2";
			};
			name = Release;
		};
/* End XCBuildConfiguration section */

/* Begin XCConfigurationList section */
		685F8BED2C101F4D00D2385D /* Build configuration list for PBXProject "A_009_ssw" */ = {
			isa = XCConfigurationList;
			buildConfigurations = (
				685F8C042C101F4E00D2385D /* Debug */,
				685F8C052C101F4E00D2385D /* Release */,
			);
			defaultConfigurationIsVisible = 0;
			defaultConfigurationName = Release;
		};
		685F8C062C101F4E00D2385D /* Build configuration list for PBXNativeTarget "A_009_ssw" */ = {
			isa = XCConfigurationList;
			buildConfigurations = (
				685F8C072C101F4E00D2385D /* Debug */,
				685F8C082C101F4E00D2385D /* Release */,
			);
			defaultConfigurationIsVisible = 0;
			defaultConfigurationName = Release;
		};
/* End XCConfigurationList section */
	};
	rootObject = 685F8BEA2C101F4D00D2385D /* Project object */;
}
